
Microsoft Visual Studio Solution File, Format Version 12.00
# Visual Studio Version 17
VisualStudioVersion = 17.2.32602.215
MinimumVisualStudioVersion = 10.0.40219.1
Project("{FAE04EC0-301F-11D3-BF4B-00C04F79EFBC}") = "Shutdown Timer", "Shutdown Timer\Shutdown Timer.csproj", "{FB8DC586-94E5-4410-9DF4-E86512C9F7C8}"
EndProject
Global
	GlobalSection(SolutionConfigurationPlatforms) = preSolution
		Debug|Any CPU = Debug|Any CPU
		Release|Any CPU = Release|Any CPU
	EndGlobalSection
	GlobalSection(ProjectConfigurationPlatforms) = postSolution
		{FB8DC586-94E5-4410-9DF4-E86512C9F7C8}.Debug|Any CPU.ActiveCfg = Debug|Any CPU
		{FB8DC586-94E5-4410-9DF4-E86512C9F7C8}.Debug|Any CPU.Build.0 = Debug|Any CPU
		{FB8DC586-94E5-4410-9DF4-E86512C9F7C8}.Release|Any CPU.ActiveCfg = Release|Any CPU
		{FB8DC586-94E5-4410-9DF4-E86512C9F7C8}.Release|Any CPU.Build.0 = Release|Any CPU
	EndGlobalSection
	GlobalSection(SolutionProperties) = preSolution
		HideSolutionNode = FALSE
	EndGlobalSection
	GlobalSection(ExtensibilityGlobals) = postSolution
		SolutionGuid = {DED631A1-CDD8-486B-B6F8-2F1C14CA50FE}
	EndGlobalSection
EndGlobal
